{
  "lockfile_version": "1",
  "packages": {
    "act@latest": {
      "last_modified": "2024-12-08T19:40:50Z",
      "resolved": "github:NixOS/nixpkgs/dd51f52372a20a93c219e8216fe528a648ffcbf4#act",
      "source": "devbox-search",
      "version": "0.2.70",
      "systems": {
        "aarch64-darwin": {
          "outputs": [
            {
              "name": "out",
              "path": "/nix/store/h72yk77ikx42ga31gq4q0w8s23kmkk21-act-0.2.70",
              "default": true
            }
          ],
          "store_path": "/nix/store/h72yk77ikx42ga31gq4q0w8s23kmkk21-act-0.2.70"
        },
        "aarch64-linux": {
          "outputs": [
            {
              "name": "out",
              "path": "/nix/store/5lcnk1m65ivjrjx0xhdbn8abaih1lk22-act-0.2.70",
              "default": true
            }
          ],
          "store_path": "/nix/store/5lcnk1m65ivjrjx0xhdbn8abaih1lk22-act-0.2.70"
        },
        "x86_64-darwin": {
          "outputs": [
            {
              "name": "out",
              "path": "/nix/store/xc2wfq2makmqglwnnmnbrc55cy8sa7lh-act-0.2.70",
              "default": true
            }
          ],
          "store_path": "/nix/store/xc2wfq2makmqglwnnmnbrc55cy8sa7lh-act-0.2.70"
        },
        "x86_64-linux": {
          "outputs": [
            {
              "name": "out",
              "path": "/nix/store/7aznaiy502bczdahy37s8yxx4h4ffl69-act-0.2.70",
              "default": true
            }
          ],
          "store_path": "/nix/store/7aznaiy502bczdahy37s8yxx4h4ffl69-act-0.2.70"
        }
      }
    },
    "civo@latest": {
      "last_modified": "2024-11-28T07:51:56Z",
      "resolved": "github:NixOS/nixpkgs/226216574ada4c3ecefcbbec41f39ce4655f78ef#civo",
      "source": "devbox-search",
      "version": "1.1.92",
      "systems": {
        "aarch64-darwin": {
          "outputs": [
            {
              "name": "out",
              "path": "/nix/store/fv95acp4pnxnhg67xxw6pa9r8x2pvhim-civo-1.1.92",
              "default": true
            }
          ],
          "store_path": "/nix/store/fv95acp4pnxnhg67xxw6pa9r8x2pvhim-civo-1.1.92"
        },
        "aarch64-linux": {
          "outputs": [
            {
              "name": "out",
              "path": "/nix/store/dw11k4kjacs8xq6nhyhm1azq8x90l26q-civo-1.1.92",
              "default": true
            }
          ],
          "store_path": "/nix/store/dw11k4kjacs8xq6nhyhm1azq8x90l26q-civo-1.1.92"
        },
        "x86_64-darwin": {
          "outputs": [
            {
              "name": "out",
              "path": "/nix/store/smh5hma2vywm8mz6hiiybwdgi31rsd88-civo-1.1.92",
              "default": true
            }
          ],
          "store_path": "/nix/store/smh5hma2vywm8mz6hiiybwdgi31rsd88-civo-1.1.92"
        },
        "x86_64-linux": {
          "outputs": [
            {
              "name": "out",
              "path": "/nix/store/5a24j8ljy4cjsn2rl7006pb8lk9l6ml8-civo-1.1.92",
              "default": true
            }
          ],
          "store_path": "/nix/store/5a24j8ljy4cjsn2rl7006pb8lk9l6ml8-civo-1.1.92"
        }
      }
    },
    "envsubst@latest": {
      "last_modified": "2024-11-28T07:51:56Z",
      "resolved": "github:NixOS/nixpkgs/226216574ada4c3ecefcbbec41f39ce4655f78ef#envsubst",
      "source": "devbox-search",
      "version": "1.4.2",
      "systems": {
        "aarch64-darwin": {
          "outputs": [
            {
              "name": "out",
              "path": "/nix/store/gi4l9vmfr04rsf7za23m95dnndz3fk3v-envsubst-1.4.2",
              "default": true
            }
          ],
          "store_path": "/nix/store/gi4l9vmfr04rsf7za23m95dnndz3fk3v-envsubst-1.4.2"
        },
        "aarch64-linux": {
          "outputs": [
            {
              "name": "out",
              "path": "/nix/store/51g5ch622i5x08irz2gi68g3adcrm45m-envsubst-1.4.2",
              "default": true
            }
          ],
          "store_path": "/nix/store/51g5ch622i5x08irz2gi68g3adcrm45m-envsubst-1.4.2"
        },
        "x86_64-darwin": {
          "outputs": [
            {
              "name": "out",
              "path": "/nix/store/z7gd6pyppp2rb25v8jlflnzsqyhd8f24-envsubst-1.4.2",
              "default": true
            }
          ],
          "store_path": "/nix/store/z7gd6pyppp2rb25v8jlflnzsqyhd8f24-envsubst-1.4.2"
        },
        "x86_64-linux": {
          "outputs": [
            {
              "name": "out",
              "path": "/nix/store/bb17xi085id2h0mlzqsb5w9f9v7hi3kv-envsubst-1.4.2",
              "default": true
            }
          ],
          "store_path": "/nix/store/bb17xi085id2h0mlzqsb5w9f9v7hi3kv-envsubst-1.4.2"
        }
      }
    },
    "gh@latest": {
      "last_modified": "2024-12-08T11:15:23Z",
      "resolved": "github:NixOS/nixpkgs/93dc9803a1ee435e590b02cde9589038d5cc3a4e#gh",
      "source": "devbox-search",
      "version": "2.63.2",
      "systems": {
        "aarch64-darwin": {
          "outputs": [
            {
              "name": "out",
              "path": "/nix/store/7c92k9mnhb7lj8fwx7abxib1lh66fl6b-gh-2.63.2",
              "default": true
            }
          ],
          "store_path": "/nix/store/7c92k9mnhb7lj8fwx7abxib1lh66fl6b-gh-2.63.2"
        },
        "aarch64-linux": {
          "outputs": [
            {
              "name": "out",
              "path": "/nix/store/slv9kqrwnd6pqx98qca4l1cx0f5iqw5f-gh-2.63.2",
              "default": true
            }
          ],
          "store_path": "/nix/store/slv9kqrwnd6pqx98qca4l1cx0f5iqw5f-gh-2.63.2"
        },
        "x86_64-darwin": {
          "outputs": [
            {
              "name": "out",
              "path": "/nix/store/s7y789vcy0325g7r8v9hxl8ly851ci1w-gh-2.63.2",
              "default": true
            }
          ],
          "store_path": "/nix/store/s7y789vcy0325g7r8v9hxl8ly851ci1w-gh-2.63.2"
        },
        "x86_64-linux": {
          "outputs": [
            {
              "name": "out",
              "path": "/nix/store/ziar5idvk8zxckyhyqhvaszisda27b2s-gh-2.63.2",
              "default": true
            }
          ],
          "store_path": "/nix/store/ziar5idvk8zxckyhyqhvaszisda27b2s-gh-2.63.2"
        }
      }
    },
    "go-task@latest": {
      "last_modified": "2024-11-28T07:51:56Z",
      "resolved": "github:NixOS/nixpkgs/226216574ada4c3ecefcbbec41f39ce4655f78ef#go-task",
      "source": "devbox-search",
      "version": "3.40.0",
      "systems": {
        "aarch64-darwin": {
          "outputs": [
            {
              "name": "out",
              "path": "/nix/store/ynnx5bghcar86a89026rdysvpf51b2li-go-task-3.40.0",
              "default": true
            }
          ],
          "store_path": "/nix/store/ynnx5bghcar86a89026rdysvpf51b2li-go-task-3.40.0"
        },
        "aarch64-linux": {
          "outputs": [
            {
              "name": "out",
              "path": "/nix/store/2ga7yc7nn0k01n2w3wa6fjbp0i31r6d6-go-task-3.40.0",
              "default": true
            }
          ],
          "store_path": "/nix/store/2ga7yc7nn0k01n2w3wa6fjbp0i31r6d6-go-task-3.40.0"
        },
        "x86_64-darwin": {
          "outputs": [
            {
              "name": "out",
              "path": "/nix/store/sjq23fm01iki9idphwvp27yjzv7blr69-go-task-3.40.0",
              "default": true
            }
          ],
          "store_path": "/nix/store/sjq23fm01iki9idphwvp27yjzv7blr69-go-task-3.40.0"
        },
        "x86_64-linux": {
          "outputs": [
            {
              "name": "out",
              "path": "/nix/store/x5pbyv5p0yj3fl77j4bmgcj8s7jjcjwn-go-task-3.40.0",
              "default": true
            }
          ],
          "store_path": "/nix/store/x5pbyv5p0yj3fl77j4bmgcj8s7jjcjwn-go-task-3.40.0"
        }
      }
    },
    "go@latest": {
      "last_modified": "2024-11-28T07:51:56Z",
      "resolved": "github:NixOS/nixpkgs/226216574ada4c3ecefcbbec41f39ce4655f78ef#go",
      "source": "devbox-search",
      "version": "1.23.3",
      "systems": {
        "aarch64-darwin": {
          "outputs": [
            {
              "name": "out",
              "path": "/nix/store/qrj2wp6vzfpjfrrlcmr22818zg83fb73-go-1.23.3",
              "default": true
            }
          ],
          "store_path": "/nix/store/qrj2wp6vzfpjfrrlcmr22818zg83fb73-go-1.23.3"
        },
        "aarch64-linux": {
          "outputs": [
            {
              "name": "out",
              "path": "/nix/store/dm66qyl19skrwcmk4rb9xcs64xc1d071-go-1.23.3",
              "default": true
            }
          ],
          "store_path": "/nix/store/dm66qyl19skrwcmk4rb9xcs64xc1d071-go-1.23.3"
        },
        "x86_64-darwin": {
          "outputs": [
            {
              "name": "out",
              "path": "/nix/store/vkjn6njpz4gy5ma763vh8hh93bgjwycr-go-1.23.3",
              "default": true
            }
          ],
          "store_path": "/nix/store/vkjn6njpz4gy5ma763vh8hh93bgjwycr-go-1.23.3"
        },
        "x86_64-linux": {
          "outputs": [
            {
              "name": "out",
              "path": "/nix/store/bavnchxi7v6xs077jxv7fl5rrqc3y87w-go-1.23.3",
              "default": true
            }
          ],
          "store_path": "/nix/store/bavnchxi7v6xs077jxv7fl5rrqc3y87w-go-1.23.3"
        }
      }
    },
    "google-cloud-sdk": {
      "resolved": "github:NixOS/nixpkgs/75a52265bda7fd25e06e3a67dee3f0354e73243c#google-cloud-sdk",
      "source": "nixpkg"
    },
    "gum@latest": {
      "last_modified": "2024-11-28T07:51:56Z",
      "resolved": "github:NixOS/nixpkgs/226216574ada4c3ecefcbbec41f39ce4655f78ef#gum",
      "source": "devbox-search",
      "version": "0.14.5",
      "systems": {
        "aarch64-darwin": {
          "outputs": [
            {
              "name": "out",
              "path": "/nix/store/2kh20kzsh8p9b045janwracxwh43zzcf-gum-0.14.5",
              "default": true
            }
          ],
          "store_path": "/nix/store/2kh20kzsh8p9b045janwracxwh43zzcf-gum-0.14.5"
        },
        "aarch64-linux": {
          "outputs": [
            {
              "name": "out",
              "path": "/nix/store/3ick2j8z9jgkk3cyc1ik4zkbs3m4583n-gum-0.14.5",
              "default": true
            }
          ],
          "store_path": "/nix/store/3ick2j8z9jgkk3cyc1ik4zkbs3m4583n-gum-0.14.5"
        },
        "x86_64-darwin": {
          "outputs": [
            {
              "name": "out",
              "path": "/nix/store/9rh8qxbxgb07v3a62mx9404ynk2yhxrj-gum-0.14.5",
              "default": true
            }
          ],
          "store_path": "/nix/store/9rh8qxbxgb07v3a62mx9404ynk2yhxrj-gum-0.14.5"
        },
        "x86_64-linux": {
          "outputs": [
            {
              "name": "out",
              "path": "/nix/store/1bnivwijzrnzx5h0hd5rywwy8rlhxmw5-gum-0.14.5",
              "default": true
            }
          ],
          "store_path": "/nix/store/1bnivwijzrnzx5h0hd5rywwy8rlhxmw5-gum-0.14.5"
        }
      }
    },
    "jq@latest": {
      "last_modified": "2024-12-08T11:15:23Z",
      "resolved": "github:NixOS/nixpkgs/93dc9803a1ee435e590b02cde9589038d5cc3a4e#jq",
      "source": "devbox-search",
      "version": "1.7.1",
      "systems": {
        "aarch64-darwin": {
          "outputs": [
            {
              "name": "bin",
              "path": "/nix/store/b56m1ay45s4cr6vm45adrggrvpmjjsp4-jq-1.7.1-bin",
              "default": true
            },
            {
              "name": "man",
              "path": "/nix/store/5ryk2ni2xlcixn4v8l6dsvkad80x39v3-jq-1.7.1-man",
              "default": true
            },
            {
              "name": "doc",
              "path": "/nix/store/l46simik7b0jfaihmlciy3aw3mrwl345-jq-1.7.1-doc"
            },
            {
              "name": "out",
              "path": "/nix/store/nk4i71ixqgmagx33qjcckc9jh27kid0k-jq-1.7.1"
            },
            {
              "name": "dev",
              "path": "/nix/store/3mi4fp133srdkykfs7fzykcmlr86by8h-jq-1.7.1-dev"
            }
          ],
          "store_path": "/nix/store/b56m1ay45s4cr6vm45adrggrvpmjjsp4-jq-1.7.1-bin"
        },
        "aarch64-linux": {
          "outputs": [
            {
              "name": "bin",
              "path": "/nix/store/ll6yy6za1ww1v0v5imbsvbx397g43jx6-jq-1.7.1-bin",
              "default": true
            },
            {
              "name": "man",
              "path": "/nix/store/i0ff50yiv4yb3brv7j5akv10kj72ya31-jq-1.7.1-man",
              "default": true
            },
            {
              "name": "out",
              "path": "/nix/store/ni8qfc6xr4y57s0hy5fr6z5r8jgpnfr6-jq-1.7.1"
            },
            {
              "name": "dev",
              "path": "/nix/store/w13dlgviym4x5dxcy5zqc7pv93bck54r-jq-1.7.1-dev"
            },
            {
              "name": "doc",
              "path": "/nix/store/63l62pqpm8fwx5z013h13qv7rgvvqfq3-jq-1.7.1-doc"
            }
          ],
          "store_path": "/nix/store/ll6yy6za1ww1v0v5imbsvbx397g43jx6-jq-1.7.1-bin"
        },
        "x86_64-darwin": {
          "outputs": [
            {
              "name": "bin",
              "path": "/nix/store/8rdhdw3r1rd8y37d48jgwijidcl50gg2-jq-1.7.1-bin",
              "default": true
            },
            {
              "name": "man",
              "path": "/nix/store/rqys68hbpivi2lh957vlqhvfh1kgn7m5-jq-1.7.1-man",
              "default": true
            },
            {
              "name": "dev",
              "path": "/nix/store/p2vl1zcy4fbh80b93yvz10bf5q9dkizb-jq-1.7.1-dev"
            },
            {
              "name": "doc",
              "path": "/nix/store/4sb0aa0m7dvi937ar2cwmfjdfsdg00ac-jq-1.7.1-doc"
            },
            {
              "name": "out",
              "path": "/nix/store/mbdayyhb7dacdkmzmgpn59w7ixn1xrll-jq-1.7.1"
            }
          ],
          "store_path": "/nix/store/8rdhdw3r1rd8y37d48jgwijidcl50gg2-jq-1.7.1-bin"
        },
        "x86_64-linux": {
          "outputs": [
            {
              "name": "bin",
              "path": "/nix/store/iha35mp2hjhc77bkg6mf2zr2gyi6d05s-jq-1.7.1-bin",
              "default": true
            },
            {
              "name": "man",
              "path": "/nix/store/1xzf6jrwf262r1kmvi8p9c9dppmbsa4b-jq-1.7.1-man",
              "default": true
            },
            {
              "name": "dev",
              "path": "/nix/store/0fz2g21myjg0jhq84mgfrrnvvkrr753x-jq-1.7.1-dev"
            },
            {
              "name": "doc",
              "path": "/nix/store/va16xnx1712ddqi5k6q0syhyszdhnlks-jq-1.7.1-doc"
            },
            {
              "name": "out",
              "path": "/nix/store/9m335lnyl5ldfzh0r92fdl3nf1l4xbj6-jq-1.7.1"
            }
          ],
          "store_path": "/nix/store/iha35mp2hjhc77bkg6mf2zr2gyi6d05s-jq-1.7.1-bin"
        }
      }
    },
    "k9s@latest": {
      "last_modified": "2024-12-08T11:15:23Z",
      "resolved": "github:NixOS/nixpkgs/93dc9803a1ee435e590b02cde9589038d5cc3a4e#k9s",
      "source": "devbox-search",
      "version": "0.32.7",
      "systems": {
        "aarch64-darwin": {
          "outputs": [
            {
              "name": "out",
              "path": "/nix/store/g4qqj0b4zn6ggr3lnzchmwg2hqvhwxaa-k9s-0.32.7",
              "default": true
            }
          ],
          "store_path": "/nix/store/g4qqj0b4zn6ggr3lnzchmwg2hqvhwxaa-k9s-0.32.7"
        },
        "aarch64-linux": {
          "outputs": [
            {
              "name": "out",
              "path": "/nix/store/byb394izixahjb84hy5n12wigydx4skp-k9s-0.32.7",
              "default": true
            }
          ],
          "store_path": "/nix/store/byb394izixahjb84hy5n12wigydx4skp-k9s-0.32.7"
        },
        "x86_64-darwin": {
          "outputs": [
            {
              "name": "out",
              "path": "/nix/store/xn8vpvgjvzlparwi29a3z3i36hhghf8n-k9s-0.32.7",
              "default": true
            }
          ],
          "store_path": "/nix/store/xn8vpvgjvzlparwi29a3z3i36hhghf8n-k9s-0.32.7"
        },
        "x86_64-linux": {
          "outputs": [
            {
              "name": "out",
              "path": "/nix/store/y54drn2rzy4jrdpac4x3vn2lpmph9pwq-k9s-0.32.7",
              "default": true
            }
          ],
          "store_path": "/nix/store/y54drn2rzy4jrdpac4x3vn2lpmph9pwq-k9s-0.32.7"
        }
      }
    },
    "kind@latest": {
      "last_modified": "2024-12-08T11:15:23Z",
      "resolved": "github:NixOS/nixpkgs/93dc9803a1ee435e590b02cde9589038d5cc3a4e#kind",
      "source": "devbox-search",
      "version": "0.25.0",
      "systems": {
        "aarch64-darwin": {
          "outputs": [
            {
              "name": "out",
              "path": "/nix/store/6z29p8jr92x9v1yzvsrjpmmbsckaqhhq-kind-0.25.0",
              "default": true
            }
          ],
          "store_path": "/nix/store/6z29p8jr92x9v1yzvsrjpmmbsckaqhhq-kind-0.25.0"
        },
        "aarch64-linux": {
          "outputs": [
            {
              "name": "out",
              "path": "/nix/store/iw2yg9vy2w3cz244vd83hqq7gzsxbmvc-kind-0.25.0",
              "default": true
            }
          ],
          "store_path": "/nix/store/iw2yg9vy2w3cz244vd83hqq7gzsxbmvc-kind-0.25.0"
        },
        "x86_64-darwin": {
          "outputs": [
            {
              "name": "out",
              "path": "/nix/store/7wqknkzmk2g7bwr3xs4id21k5dmai33w-kind-0.25.0",
              "default": true
            }
          ],
          "store_path": "/nix/store/7wqknkzmk2g7bwr3xs4id21k5dmai33w-kind-0.25.0"
        },
        "x86_64-linux": {
          "outputs": [
            {
              "name": "out",
              "path": "/nix/store/q98ypc8pcbih062n6wp0mgcccvhhkc19-kind-0.25.0",
              "default": true
            }
          ],
          "store_path": "/nix/store/q98ypc8pcbih062n6wp0mgcccvhhkc19-kind-0.25.0"
        }
      }
    },
    "kluctl@latest": {
      "last_modified": "2024-12-08T11:15:23Z",
      "resolved": "github:NixOS/nixpkgs/93dc9803a1ee435e590b02cde9589038d5cc3a4e#kluctl",
      "source": "devbox-search",
      "version": "2.25.1",
      "systems": {
        "aarch64-darwin": {
          "outputs": [
            {
              "name": "out",
              "path": "/nix/store/an50vlf4vnj8p1c8ly6zy7lz56z23g75-kluctl-2.25.1",
              "default": true
            }
          ],
          "store_path": "/nix/store/an50vlf4vnj8p1c8ly6zy7lz56z23g75-kluctl-2.25.1"
        },
        "aarch64-linux": {
          "outputs": [
            {
              "name": "out",
              "path": "/nix/store/bvsigll2ckh5amdb7nbmqjl41g33s1q9-kluctl-2.25.1",
              "default": true
            }
          ],
          "store_path": "/nix/store/bvsigll2ckh5amdb7nbmqjl41g33s1q9-kluctl-2.25.1"
        },
        "x86_64-darwin": {
          "outputs": [
            {
              "name": "out",
              "path": "/nix/store/rxz3r36hlhwk7a354ryxb1lmzf27wrn1-kluctl-2.25.1",
              "default": true
            }
          ],
          "store_path": "/nix/store/rxz3r36hlhwk7a354ryxb1lmzf27wrn1-kluctl-2.25.1"
        },
        "x86_64-linux": {
          "outputs": [
            {
              "name": "out",
              "path": "/nix/store/an4kx3xc9kjlpk8wh6c3ad815x5gqb4y-kluctl-2.25.1",
              "default": true
            }
          ],
          "store_path": "/nix/store/an4kx3xc9kjlpk8wh6c3ad815x5gqb4y-kluctl-2.25.1"
        }
      }
    },
    "ko@latest": {
      "last_modified": "2024-11-28T07:51:56Z",
      "resolved": "github:NixOS/nixpkgs/226216574ada4c3ecefcbbec41f39ce4655f78ef#ko",
      "source": "devbox-search",
      "version": "0.15.4",
      "systems": {
        "aarch64-darwin": {
          "outputs": [
            {
              "name": "out",
              "path": "/nix/store/qqglm079j9a8a82xz5ssikh8vf6rcxmm-ko-0.15.4",
              "default": true
            }
          ],
          "store_path": "/nix/store/qqglm079j9a8a82xz5ssikh8vf6rcxmm-ko-0.15.4"
        },
        "aarch64-linux": {
          "outputs": [
            {
              "name": "out",
              "path": "/nix/store/d6hlcjpvxbfwfg307ax2v74qpigbdz5y-ko-0.15.4",
              "default": true
            }
          ],
          "store_path": "/nix/store/d6hlcjpvxbfwfg307ax2v74qpigbdz5y-ko-0.15.4"
        },
        "x86_64-darwin": {
          "outputs": [
            {
              "name": "out",
              "path": "/nix/store/xacdr0is5r3y8f68b1mprs5qm1nia5x8-ko-0.15.4",
              "default": true
            }
          ],
          "store_path": "/nix/store/xacdr0is5r3y8f68b1mprs5qm1nia5x8-ko-0.15.4"
        },
        "x86_64-linux": {
          "outputs": [
            {
              "name": "out",
              "path": "/nix/store/zjpji2lr209d0dyzkv8cnqzfljf69k29-ko-0.15.4",
              "default": true
            }
          ],
          "store_path": "/nix/store/zjpji2lr209d0dyzkv8cnqzfljf69k29-ko-0.15.4"
        }
      }
    },
    "kubectl@latest": {
      "last_modified": "2024-11-28T07:51:56Z",
      "resolved": "github:NixOS/nixpkgs/226216574ada4c3ecefcbbec41f39ce4655f78ef#kubectl",
      "source": "devbox-search",
      "version": "1.31.2",
      "systems": {
        "aarch64-darwin": {
          "outputs": [
            {
              "name": "out",
              "path": "/nix/store/4y0isz580qj1gprqihb39jzvq1h3ys8d-kubectl-1.31.2",
              "default": true
            },
            {
              "name": "man",
              "path": "/nix/store/yn7jsawkgab95ly8wjzm7qk4axins9c0-kubectl-1.31.2-man",
              "default": true
            },
            {
              "name": "convert",
              "path": "/nix/store/mgfqyq94gz2rlfg7kfyxjhlxpd88rrx1-kubectl-1.31.2-convert"
            }
          ],
          "store_path": "/nix/store/4y0isz580qj1gprqihb39jzvq1h3ys8d-kubectl-1.31.2"
        },
        "aarch64-linux": {
          "outputs": [
            {
              "name": "out",
              "path": "/nix/store/hs22srzb0xw25047q72lzf8yvkyndayp-kubectl-1.31.2",
              "default": true
            },
            {
              "name": "man",
              "path": "/nix/store/m6pgvbcpw5yyiy5f2106ihkapk7kjv9l-kubectl-1.31.2-man",
              "default": true
            },
            {
              "name": "convert",
              "path": "/nix/store/mk43xaa0hzc5hsg115nfa89h8p05l70n-kubectl-1.31.2-convert"
            }
          ],
          "store_path": "/nix/store/hs22srzb0xw25047q72lzf8yvkyndayp-kubectl-1.31.2"
        },
        "x86_64-darwin": {
          "outputs": [
            {
              "name": "out",
              "path": "/nix/store/8dfd5d7i3q0jvqgzc2775kl8b5pbh7g9-kubectl-1.31.2",
              "default": true
            },
            {
              "name": "man",
              "path": "/nix/store/7rvlb9k6bs623m3f7k3ay52n9bx6id1h-kubectl-1.31.2-man",
              "default": true
            },
            {
              "name": "convert",
              "path": "/nix/store/d6yjj3akz8dddmjzp2hz2lyd1fwqaqq9-kubectl-1.31.2-convert"
            }
          ],
          "store_path": "/nix/store/8dfd5d7i3q0jvqgzc2775kl8b5pbh7g9-kubectl-1.31.2"
        },
        "x86_64-linux": {
          "outputs": [
            {
              "name": "out",
              "path": "/nix/store/wjr8vcdjb25ja1q3nvzwnzf5qg6iv8iy-kubectl-1.31.2",
              "default": true
            },
            {
              "name": "man",
              "path": "/nix/store/66mlhapc0wawjz2v05116nkp02lxinkx-kubectl-1.31.2-man",
              "default": true
            },
            {
              "name": "convert",
              "path": "/nix/store/44dsmqkr8c3lp4j417nshswcf0mpj9i5-kubectl-1.31.2-convert"
            }
          ],
          "store_path": "/nix/store/wjr8vcdjb25ja1q3nvzwnzf5qg6iv8iy-kubectl-1.31.2"
        }
      }
    },
    "kubectx@latest": {
      "last_modified": "2024-11-28T07:51:56Z",
      "resolved": "github:NixOS/nixpkgs/226216574ada4c3ecefcbbec41f39ce4655f78ef#kubectx",
      "source": "devbox-search",
      "version": "0.9.5",
      "systems": {
        "aarch64-darwin": {
          "outputs": [
            {
              "name": "out",
              "path": "/nix/store/yj0m0c354x0aspwqc3h8is34hsh8ab30-kubectx-0.9.5",
              "default": true
            }
          ],
          "store_path": "/nix/store/yj0m0c354x0aspwqc3h8is34hsh8ab30-kubectx-0.9.5"
        },
        "aarch64-linux": {
          "outputs": [
            {
              "name": "out",
              "path": "/nix/store/hjlz6xw2sf924kmysr9xi1p59d69ywm2-kubectx-0.9.5",
              "default": true
            }
          ],
          "store_path": "/nix/store/hjlz6xw2sf924kmysr9xi1p59d69ywm2-kubectx-0.9.5"
        },
        "x86_64-darwin": {
          "outputs": [
            {
              "name": "out",
              "path": "/nix/store/3nsfm8x2z1fbr2v9jf5gy68i4389zlff-kubectx-0.9.5",
              "default": true
            }
          ],
          "store_path": "/nix/store/3nsfm8x2z1fbr2v9jf5gy68i4389zlff-kubectx-0.9.5"
        },
        "x86_64-linux": {
          "outputs": [
            {
              "name": "out",
              "path": "/nix/store/82nkp4m2h127n069vv34iz05gn6dk7vh-kubectx-0.9.5",
              "default": true
            }
          ],
          "store_path": "/nix/store/82nkp4m2h127n069vv34iz05gn6dk7vh-kubectx-0.9.5"
        }
      }
    },
    "kubent@latest": {
      "last_modified": "2024-11-28T07:51:56Z",
      "resolved": "github:NixOS/nixpkgs/226216574ada4c3ecefcbbec41f39ce4655f78ef#kubent",
      "source": "devbox-search",
      "version": "0.7.3",
      "systems": {
        "aarch64-darwin": {
          "outputs": [
            {
              "name": "out",
              "path": "/nix/store/qipklxswjw5dwy3fw7xfmvs7kgb39hx3-kubent-0.7.3",
              "default": true
            }
          ],
          "store_path": "/nix/store/qipklxswjw5dwy3fw7xfmvs7kgb39hx3-kubent-0.7.3"
        },
        "aarch64-linux": {
          "outputs": [
            {
              "name": "out",
              "path": "/nix/store/ssbz6znq0f8kywszz673xcgiafkfrsym-kubent-0.7.3",
              "default": true
            }
          ],
          "store_path": "/nix/store/ssbz6znq0f8kywszz673xcgiafkfrsym-kubent-0.7.3"
        },
        "x86_64-darwin": {
          "outputs": [
            {
              "name": "out",
              "path": "/nix/store/c9vvpqz4jax60ldqfz091dxf64ljdfwv-kubent-0.7.3",
              "default": true
            }
          ],
          "store_path": "/nix/store/c9vvpqz4jax60ldqfz091dxf64ljdfwv-kubent-0.7.3"
        },
        "x86_64-linux": {
          "outputs": [
            {
              "name": "out",
              "path": "/nix/store/z12gs3rvvghvjgvsiw7z56r8hdava9qm-kubent-0.7.3",
              "default": true
            }
          ],
          "store_path": "/nix/store/z12gs3rvvghvjgvsiw7z56r8hdava9qm-kubent-0.7.3"
        }
      }
    },
    "kubernetes-helm@latest": {
      "last_modified": "2024-11-28T07:51:56Z",
      "resolved": "github:NixOS/nixpkgs/226216574ada4c3ecefcbbec41f39ce4655f78ef#kubernetes-helm",
      "source": "devbox-search",
      "version": "3.16.3",
      "systems": {
        "aarch64-darwin": {
          "outputs": [
            {
              "name": "out",
              "path": "/nix/store/v0b54sqamjz5hkbbhbbn62rmhy1ynk5a-kubernetes-helm-3.16.3",
              "default": true
            }
          ],
          "store_path": "/nix/store/v0b54sqamjz5hkbbhbbn62rmhy1ynk5a-kubernetes-helm-3.16.3"
        },
        "aarch64-linux": {
          "outputs": [
            {
              "name": "out",
              "path": "/nix/store/vsps7v36p9nbx08v8c7x1a36mmknhacy-kubernetes-helm-3.16.3",
              "default": true
            }
          ],
          "store_path": "/nix/store/vsps7v36p9nbx08v8c7x1a36mmknhacy-kubernetes-helm-3.16.3"
        },
        "x86_64-darwin": {
          "outputs": [
            {
              "name": "out",
              "path": "/nix/store/s57dya7h9slzyrnjg8h3hzbh695ksvj5-kubernetes-helm-3.16.3",
              "default": true
            }
          ],
          "store_path": "/nix/store/s57dya7h9slzyrnjg8h3hzbh695ksvj5-kubernetes-helm-3.16.3"
        },
        "x86_64-linux": {
          "outputs": [
            {
              "name": "out",
              "path": "/nix/store/nyrghdw5xi4kiwbsw6vdvnnyra5cy0x7-kubernetes-helm-3.16.3",
              "default": true
            }
          ],
          "store_path": "/nix/store/nyrghdw5xi4kiwbsw6vdvnnyra5cy0x7-kubernetes-helm-3.16.3"
        }
      }
    },
    "kustomize@latest": {
      "last_modified": "2024-11-28T07:51:56Z",
      "resolved": "github:NixOS/nixpkgs/226216574ada4c3ecefcbbec41f39ce4655f78ef#kustomize",
      "source": "devbox-search",
      "version": "5.5.0",
      "systems": {
        "aarch64-darwin": {
          "outputs": [
            {
              "name": "out",
              "path": "/nix/store/97pzcar8sbmpd7mj2555iqr54lj3y0xb-kustomize-5.5.0",
              "default": true
            }
          ],
          "store_path": "/nix/store/97pzcar8sbmpd7mj2555iqr54lj3y0xb-kustomize-5.5.0"
        },
        "aarch64-linux": {
          "outputs": [
            {
              "name": "out",
              "path": "/nix/store/s9gszn1cqw4i7g34hm33w6ff7n0zi91j-kustomize-5.5.0",
              "default": true
            }
          ],
          "store_path": "/nix/store/s9gszn1cqw4i7g34hm33w6ff7n0zi91j-kustomize-5.5.0"
        },
        "x86_64-darwin": {
          "outputs": [
            {
              "name": "out",
              "path": "/nix/store/a5g11lri8g4kj8wawzy9vr2k9h02kmq6-kustomize-5.5.0",
              "default": true
            }
          ],
          "store_path": "/nix/store/a5g11lri8g4kj8wawzy9vr2k9h02kmq6-kustomize-5.5.0"
        },
        "x86_64-linux": {
          "outputs": [
            {
              "name": "out",
              "path": "/nix/store/xl8943vmy8169hri5igz0cqvl1d7z5mh-kustomize-5.5.0",
              "default": true
            }
          ],
          "store_path": "/nix/store/xl8943vmy8169hri5igz0cqvl1d7z5mh-kustomize-5.5.0"
        }
      }
    },
    "nodejs_20@latest": {
      "last_modified": "2024-12-03T12:40:06Z",
      "plugin_version": "0.0.2",
      "resolved": "github:NixOS/nixpkgs/566e53c2ad750c84f6d31f9ccb9d00f823165550#nodejs_20",
      "source": "devbox-search",
      "version": "20.18.1",
      "systems": {
        "aarch64-darwin": {
          "outputs": [
            {
              "name": "out",
              "path": "/nix/store/f0lm95g31vpknr8jj9xw53cx2rqly2nm-nodejs-20.18.1",
              "default": true
            },
            {
              "name": "libv8",
              "path": "/nix/store/l17919sgiw0i3awxlpic9z9a3g2d0rgv-nodejs-20.18.1-libv8"
            }
          ],
          "store_path": "/nix/store/f0lm95g31vpknr8jj9xw53cx2rqly2nm-nodejs-20.18.1"
        },
        "aarch64-linux": {
          "outputs": [
            {
              "name": "out",
              "path": "/nix/store/vqv3dblqx76k185jg4ym5i3dz196lv19-nodejs-20.18.1",
              "default": true
            },
            {
              "name": "libv8",
              "path": "/nix/store/1pp9h9ma5ps2w3n7abkd3ipgjnmixwpm-nodejs-20.18.1-libv8"
            }
          ],
          "store_path": "/nix/store/vqv3dblqx76k185jg4ym5i3dz196lv19-nodejs-20.18.1"
        },
        "x86_64-darwin": {
          "outputs": [
            {
              "name": "out",
              "path": "/nix/store/gbrd92gjhi88lhj43bsa2y9zvcn4vsb8-nodejs-20.18.1",
              "default": true
            },
            {
              "name": "libv8",
              "path": "/nix/store/85x3jn8wf6n6ihr3ar70fhgc4p87znsq-nodejs-20.18.1-libv8"
            }
          ],
          "store_path": "/nix/store/gbrd92gjhi88lhj43bsa2y9zvcn4vsb8-nodejs-20.18.1"
        },
        "x86_64-linux": {
          "outputs": [
            {
              "name": "out",
              "path": "/nix/store/wfxq6w9bkp5dcfr8yb6789b0w7128gnb-nodejs-20.18.1",
              "default": true
            },
            {
              "name": "libv8",
              "path": "/nix/store/6cpw80r57lyippnjl5knrvymcwalv1m2-nodejs-20.18.1-libv8"
            }
          ],
          "store_path": "/nix/store/wfxq6w9bkp5dcfr8yb6789b0w7128gnb-nodejs-20.18.1"
        }
      }
    },
    "oras@latest": {
      "last_modified": "2024-12-08T11:15:23Z",
      "resolved": "github:NixOS/nixpkgs/93dc9803a1ee435e590b02cde9589038d5cc3a4e#oras",
      "source": "devbox-search",
      "version": "1.2.1",
      "systems": {
        "aarch64-darwin": {
          "outputs": [
            {
              "name": "out",
              "path": "/nix/store/fkhv3f6pcb206rmvq5fayblswnbm4q3l-oras-1.2.1",
              "default": true
            }
          ],
          "store_path": "/nix/store/fkhv3f6pcb206rmvq5fayblswnbm4q3l-oras-1.2.1"
        },
        "aarch64-linux": {
          "outputs": [
            {
              "name": "out",
              "path": "/nix/store/i7l1bzh0y3ysip4czb5m5jgjqmsxl7s7-oras-1.2.1",
              "default": true
            }
          ],
          "store_path": "/nix/store/i7l1bzh0y3ysip4czb5m5jgjqmsxl7s7-oras-1.2.1"
        },
        "x86_64-darwin": {
          "outputs": [
            {
              "name": "out",
              "path": "/nix/store/zyg1lq975g84mpzp5x69vvfay1dmcw13-oras-1.2.1",
              "default": true
            }
          ],
          "store_path": "/nix/store/zyg1lq975g84mpzp5x69vvfay1dmcw13-oras-1.2.1"
        },
        "x86_64-linux": {
          "outputs": [
            {
              "name": "out",
              "path": "/nix/store/sqww0dkaga5lmq7wwv5s5wn7qddzqd6v-oras-1.2.1",
              "default": true
            }
          ],
          "store_path": "/nix/store/sqww0dkaga5lmq7wwv5s5wn7qddzqd6v-oras-1.2.1"
        }
      }
    },
    "poetry@latest": {
      "last_modified": "2024-12-09T13:13:08Z",
      "plugin_version": "0.0.4",
      "resolved": "github:NixOS/nixpkgs/bc27f0fde01ce4e1bfec1ab122d72b7380278e68#poetry",
      "source": "devbox-search",
      "version": "1.8.5",
      "systems": {
        "aarch64-darwin": {
          "outputs": [
            {
              "name": "out",
              "path": "/nix/store/8cwmha2b6lkv02d7swzd8li2i4vcxin1-python3.12-poetry-1.8.5",
              "default": true
            },
            {
              "name": "dist",
              "path": "/nix/store/52jmqs0q5ss1bffgf5fk1dnsx798fbjz-python3.12-poetry-1.8.5-dist"
            }
          ],
          "store_path": "/nix/store/8cwmha2b6lkv02d7swzd8li2i4vcxin1-python3.12-poetry-1.8.5"
        },
        "aarch64-linux": {
          "outputs": [
            {
              "name": "out",
              "path": "/nix/store/wx3jazi6i8qd58xqr3j456wiwdbipccw-python3.12-poetry-1.8.5",
              "default": true
            },
            {
              "name": "dist",
              "path": "/nix/store/hllvb6b6yjq7gfhgm8vzzy9c78llx1vm-python3.12-poetry-1.8.5-dist"
            }
          ],
          "store_path": "/nix/store/wx3jazi6i8qd58xqr3j456wiwdbipccw-python3.12-poetry-1.8.5"
        },
        "x86_64-darwin": {
          "outputs": [
            {
              "name": "out",
              "path": "/nix/store/a2smdsksgxrfsgjzhry33mjr0m7npjp9-python3.12-poetry-1.8.5",
              "default": true
            },
            {
              "name": "dist",
              "path": "/nix/store/84q1khxfmrgjzk9rxf5bi3v7gzbpha0s-python3.12-poetry-1.8.5-dist"
            }
          ],
          "store_path": "/nix/store/a2smdsksgxrfsgjzhry33mjr0m7npjp9-python3.12-poetry-1.8.5"
        },
        "x86_64-linux": {
          "outputs": [
            {
              "name": "out",
              "path": "/nix/store/xz0kzxknf7zl91kqqfi0p11dlq68cwbd-python3.12-poetry-1.8.5",
              "default": true
            },
            {
              "name": "dist",
              "path": "/nix/store/z0r17yg5kh1236ynvwl8rngkx9bbzsmk-python3.12-poetry-1.8.5-dist"
            }
          ],
          "store_path": "/nix/store/xz0kzxknf7zl91kqqfi0p11dlq68cwbd-python3.12-poetry-1.8.5"
        }
      }
    },
    "python312@latest": {
      "last_modified": "2024-06-12T20:55:33Z",
      "plugin_version": "0.0.4",
      "resolved": "github:NixOS/nixpkgs/a9858885e197f984d92d7fe64e9fff6b2e488d40#python312",
      "source": "devbox-search",
      "version": "3.12.3",
      "systems": {
        "aarch64-darwin": {
          "outputs": [
            {
              "name": "out",
              "path": "/nix/store/65ackbgqn02p6fy75rksjbp17zj6440j-python3-3.12.3",
              "default": true
            }
          ],
          "store_path": "/nix/store/65ackbgqn02p6fy75rksjbp17zj6440j-python3-3.12.3"
        },
        "aarch64-linux": {
          "outputs": [
            {
              "name": "out",
              "path": "/nix/store/59siylp1k9i3ch4d9m3vs5jp5z56b5sg-python3-3.12.3",
              "default": true
            },
            {
              "name": "debug",
              "path": "/nix/store/ji094818a78hrkag26202b21nr5v1pgk-python3-3.12.3-debug"
            }
          ],
          "store_path": "/nix/store/59siylp1k9i3ch4d9m3vs5jp5z56b5sg-python3-3.12.3"
        },
        "x86_64-darwin": {
          "outputs": [
            {
              "name": "out",
              "path": "/nix/store/nrskm5p85y6751k02ih51bpzfag8g5r8-python3-3.12.3",
              "default": true
            }
          ],
          "store_path": "/nix/store/nrskm5p85y6751k02ih51bpzfag8g5r8-python3-3.12.3"
        },
        "x86_64-linux": {
          "outputs": [
            {
              "name": "out",
              "path": "/nix/store/zwvdwiw0zg5liz6lkkkqyab035parhld-python3-3.12.3",
              "default": true
            },
            {
              "name": "debug",
              "path": "/nix/store/wj6mffmpvly3md2hqnq2jj8zrrw5qck9-python3-3.12.3-debug"
            }
          ],
          "store_path": "/nix/store/zwvdwiw0zg5liz6lkkkqyab035parhld-python3-3.12.3"
        }
      }
    },
    "tilt@latest": {
      "last_modified": "2024-11-28T07:51:56Z",
      "resolved": "github:NixOS/nixpkgs/226216574ada4c3ecefcbbec41f39ce4655f78ef#tilt",
      "source": "devbox-search",
      "version": "0.33.21",
      "systems": {
        "aarch64-darwin": {
          "outputs": [
            {
              "name": "out",
              "path": "/nix/store/071rx7aam1p22kmi2j3pf3hgx04qdcif-tilt-0.33.21",
              "default": true
            }
          ],
          "store_path": "/nix/store/071rx7aam1p22kmi2j3pf3hgx04qdcif-tilt-0.33.21"
        },
        "aarch64-linux": {
          "outputs": [
            {
              "name": "out",
              "path": "/nix/store/z59rspjac7kcm6n55d67l6kfqssl878w-tilt-0.33.21",
              "default": true
            }
          ],
          "store_path": "/nix/store/z59rspjac7kcm6n55d67l6kfqssl878w-tilt-0.33.21"
        },
        "x86_64-darwin": {
          "outputs": [
            {
              "name": "out",
              "path": "/nix/store/fpc61zqr4jj390midwlnwwfdq6ahnnwg-tilt-0.33.21",
              "default": true
            }
          ],
          "store_path": "/nix/store/fpc61zqr4jj390midwlnwwfdq6ahnnwg-tilt-0.33.21"
        },
        "x86_64-linux": {
          "outputs": [
            {
              "name": "out",
              "path": "/nix/store/pj7k6640vhkzk6i094ivfw86qx50i1dz-tilt-0.33.21",
              "default": true
            }
          ],
          "store_path": "/nix/store/pj7k6640vhkzk6i094ivfw86qx50i1dz-tilt-0.33.21"
        }
      }
    },
    "yq-go@latest": {
      "last_modified": "2024-12-09T13:13:08Z",
      "resolved": "github:NixOS/nixpkgs/bc27f0fde01ce4e1bfec1ab122d72b7380278e68#yq-go",
      "source": "devbox-search",
      "version": "4.44.6",
      "systems": {
        "aarch64-darwin": {
          "outputs": [
            {
              "name": "out",
              "path": "/nix/store/c9gg4ksiv7b8vklb4pjqs56929nblnaz-yq-go-4.44.6",
              "default": true
            }
          ],
          "store_path": "/nix/store/c9gg4ksiv7b8vklb4pjqs56929nblnaz-yq-go-4.44.6"
        },
        "aarch64-linux": {
          "outputs": [
            {
              "name": "out",
              "path": "/nix/store/pwq4nvv8xgxcmzklmsngyy8z83j8l3b9-yq-go-4.44.6",
              "default": true
            }
          ],
          "store_path": "/nix/store/pwq4nvv8xgxcmzklmsngyy8z83j8l3b9-yq-go-4.44.6"
        },
        "x86_64-darwin": {
          "outputs": [
            {
              "name": "out",
              "path": "/nix/store/1i4cm5f2qk965h5sgyzqbqanbxnl5vm5-yq-go-4.44.6",
              "default": true
            }
          ],
          "store_path": "/nix/store/1i4cm5f2qk965h5sgyzqbqanbxnl5vm5-yq-go-4.44.6"
        },
        "x86_64-linux": {
          "outputs": [
            {
              "name": "out",
              "path": "/nix/store/ki8im82wf5xmha76nz4a1ir7qpblk3a5-yq-go-4.44.6",
              "default": true
            }
          ],
          "store_path": "/nix/store/ki8im82wf5xmha76nz4a1ir7qpblk3a5-yq-go-4.44.6"
        }
      }
    }
  }
}
